{
  "version": 1,
  "dependencies": {
    "net6.0": {
      "VisualOn.MimeMapping": {
        "type": "Direct",
        "requested": "[3.0.1, )",
        "resolved": "3.0.1",
        "contentHash": "uuZlLNYwKorJd8eTfXjoBUppm87uA5wSw1P3UZLs07C7f8IR01DyTbO3pmoGGsLHXNtFOuw+S1HobaPPndecSw=="
      }
    }
  }
}