{
  "version": 1,
  "dependencies": {
    "net6.0": {
      "VisualOn.MimeMapping": {
        "type": "Direct",
        "requested": "[3.0.2, )",
        "resolved": "3.0.2",
        "contentHash": "Gfnu4hHOkZNGCgaNMdnLSKLO/chV6MRQ8kmQAxsOzvDXPDZE5Zy3R8f+1Rhr4CL6//sTSDGOWJlcwzqIlIEWuA=="
      }
    }
  }
}